
Microsoft Visual Studio Solution File, Format Version 12.00
# Visual Studio Version 17
VisualStudioVersion = 17.11.35222.181
MinimumVisualStudioVersion = 10.0.40219.1
Project("{FAE04EC0-301F-11D3-BF4B-00C04F79EFBC}") = "Spreadex.Drawing.App", "Spreadex.Drawing.App\Spreadex.Drawing.App.csproj", "{70D55FC5-F6FF-4437-BFF1-1E3EE49E38F1}"
EndProject
Global
	GlobalSection(SolutionConfigurationPlatforms) = preSolution
		Debug|Any CPU = Debug|Any CPU
		Release|Any CPU = Release|Any CPU
	EndGlobalSection
	GlobalSection(ProjectConfigurationPlatforms) = postSolution
		{70D55FC5-F6FF-4437-BFF1-1E3EE49E38F1}.Debug|Any CPU.ActiveCfg = Debug|Any CPU
		{70D55FC5-F6FF-4437-BFF1-1E3EE49E38F1}.Debug|Any CPU.Build.0 = Debug|Any CPU
		{70D55FC5-F6FF-4437-BFF1-1E3EE49E38F1}.Release|Any CPU.ActiveCfg = Release|Any CPU
		{70D55FC5-F6FF-4437-BFF1-1E3EE49E38F1}.Release|Any CPU.Build.0 = Release|Any CPU
	EndGlobalSection
	GlobalSection(SolutionProperties) = preSolution
		HideSolutionNode = FALSE
	EndGlobalSection
	GlobalSection(ExtensibilityGlobals) = postSolution
		SolutionGuid = {28312340-F259-41A1-9616-8890D15C2EA2}
	EndGlobalSection
EndGlobal
